
Microsoft Visual Studio Solution File, Format Version 12.00
# Visual Studio Version 16
VisualStudioVersion = 16.0.30128.74
MinimumVisualStudioVersion = 10.0.40219.1
Project("{2150E333-8FDC-42A3-9474-1A3956D46DE8}") = "Applications", "Applications", "{6B364540-263F-4D6F-82A3-634BDA63CAC7}"
EndProject
Project("{9A19103F-16F7-4668-BE54-9A1E7A4F7556}") = "SampleAspNetCoreApp", "Applications\SampleAspNetCoreApp\SampleAspNetCoreApp.csproj", "{55D6CC7C-0A9F-477D-AE4F-4BA49DB85FC1}"
EndProject
Project("{9A19103F-16F7-4668-BE54-9A1E7A4F7556}") = "IntegrationTests", "IntegrationTests\IntegrationTests.csproj", "{FB9F4D61-9257-4088-B664-AED546B55D37}"
EndProject
Global
	GlobalSection(SolutionConfigurationPlatforms) = preSolution
		Debug|Any CPU = Debug|Any CPU
		Release|Any CPU = Release|Any CPU
	EndGlobalSection
	GlobalSection(ProjectConfigurationPlatforms) = postSolution
		{55D6CC7C-0A9F-477D-AE4F-4BA49DB85FC1}.Debug|Any CPU.ActiveCfg = Debug|Any CPU
		{55D6CC7C-0A9F-477D-AE4F-4BA49DB85FC1}.Debug|Any CPU.Build.0 = Debug|Any CPU
		{55D6CC7C-0A9F-477D-AE4F-4BA49DB85FC1}.Release|Any CPU.ActiveCfg = Release|Any CPU
		{55D6CC7C-0A9F-477D-AE4F-4BA49DB85FC1}.Release|Any CPU.Build.0 = Release|Any CPU
		{FB9F4D61-9257-4088-B664-AED546B55D37}.Debug|Any CPU.ActiveCfg = Debug|Any CPU
		{FB9F4D61-9257-4088-B664-AED546B55D37}.Debug|Any CPU.Build.0 = Debug|Any CPU
		{FB9F4D61-9257-4088-B664-AED546B55D37}.Release|Any CPU.ActiveCfg = Release|Any CPU
		{FB9F4D61-9257-4088-B664-AED546B55D37}.Release|Any CPU.Build.0 = Release|Any CPU
	EndGlobalSection
	GlobalSection(SolutionProperties) = preSolution
		HideSolutionNode = FALSE
	EndGlobalSection
	GlobalSection(NestedProjects) = preSolution
		{55D6CC7C-0A9F-477D-AE4F-4BA49DB85FC1} = {6B364540-263F-4D6F-82A3-634BDA63CAC7}
	EndGlobalSection
	GlobalSection(ExtensibilityGlobals) = postSolution
		SolutionGuid = {7694E891-C40D-47D2-BE62-906DBCDF148E}
	EndGlobalSection
EndGlobal
