
Microsoft Visual Studio Solution File, Format Version 12.00
# Visual Studio Version 16
VisualStudioVersion = 16.0.29424.173
MinimumVisualStudioVersion = 15.0.26124.0
Project("{9A19103F-16F7-4668-BE54-9A1E7A4F7556}") = "NewRelic.Telemetry", "NewRelic.Telemetry\NewRelic.Telemetry.csproj", "{62CE6D9B-449B-4956-94FC-0FBBA235145F}"
EndProject
Project("{9A19103F-16F7-4668-BE54-9A1E7A4F7556}") = "NewRelic.Telemetry.Tests", "NewRelic.Telemetry.Tests\NewRelic.Telemetry.Tests.csproj", "{46FE3771-EB5C-4C05-B76C-DDEF7BCC7706}"
EndProject
Project("{2150E333-8FDC-42A3-9474-1A3956D46DE8}") = "Documents", "Documents", "{1F32F4A4-3650-48B6-B384-445DB48ECF20}"
	ProjectSection(SolutionItems) = preProject
		..\azure-pipelines.yml = ..\azure-pipelines.yml
		..\CHANGELOG.md = ..\CHANGELOG.md
		..\README.md = ..\README.md
		..\THIRD_PARTY_NOTICES.md = ..\THIRD_PARTY_NOTICES.md
	EndProjectSection
EndProject
Project("{9A19103F-16F7-4668-BE54-9A1E7A4F7556}") = "OpenTelemetry.Exporter.NewRelic", "OpenTelemetry.Exporter.NewRelic\OpenTelemetry.Exporter.NewRelic.csproj", "{2477CD19-50D2-44E3-BC83-BCFE027B60B8}"
EndProject
Project("{9A19103F-16F7-4668-BE54-9A1E7A4F7556}") = "OpenTelemetry.Exporter.NewRelic.Tests", "OpenTelemetry.Exporter.NewRelic.Tests\OpenTelemetry.Exporter.NewRelic.Tests.csproj", "{4D5BC297-24D2-47FE-85C2-051A29A59B7D}"
EndProject
Project("{2150E333-8FDC-42A3-9474-1A3956D46DE8}") = "Telemetry SDK", "Telemetry SDK", "{D095AF96-3B3A-46D6-99FE-1DC845FA4BCE}"
EndProject
Project("{2150E333-8FDC-42A3-9474-1A3956D46DE8}") = "Open Telemetry", "Open Telemetry", "{82DD26D6-9333-4B4B-999B-E32E7359D7BE}"
EndProject
Project("{2150E333-8FDC-42A3-9474-1A3956D46DE8}") = "Samples", "Samples", "{FECC3BEB-820C-4B94-BB0E-98228ADE6237}"
EndProject
Project("{2150E333-8FDC-42A3-9474-1A3956D46DE8}") = "Samples", "Samples", "{F028FF9D-9262-45A6-AC4D-79C54943DB03}"
EndProject
Project("{9A19103F-16F7-4668-BE54-9A1E7A4F7556}") = "SampleAspNetCoreApp", "OpenTelemetry.Exporter.NewRelic.Samples\SampleAspNetCoreApp\SampleAspNetCoreApp.csproj", "{F2E815B3-5902-4DD5-9D37-CFB514D6B4DE}"
EndProject
Project("{9A19103F-16F7-4668-BE54-9A1E7A4F7556}") = "ConsoleApplicationWithTracer", "NewRelic.Telemetry.Samples\SampleConsoleApplication\ConsoleApplicationWithTracer.csproj", "{4E42C57E-2374-431B-A39A-019B9DAC7793}"
EndProject
Global
	GlobalSection(SolutionConfigurationPlatforms) = preSolution
		Debug|Any CPU = Debug|Any CPU
		Debug|x64 = Debug|x64
		Debug|x86 = Debug|x86
		Release|Any CPU = Release|Any CPU
		Release|x64 = Release|x64
		Release|x86 = Release|x86
	EndGlobalSection
	GlobalSection(ProjectConfigurationPlatforms) = postSolution
		{62CE6D9B-449B-4956-94FC-0FBBA235145F}.Debug|Any CPU.ActiveCfg = Debug|Any CPU
		{62CE6D9B-449B-4956-94FC-0FBBA235145F}.Debug|Any CPU.Build.0 = Debug|Any CPU
		{62CE6D9B-449B-4956-94FC-0FBBA235145F}.Debug|x64.ActiveCfg = Debug|Any CPU
		{62CE6D9B-449B-4956-94FC-0FBBA235145F}.Debug|x64.Build.0 = Debug|Any CPU
		{62CE6D9B-449B-4956-94FC-0FBBA235145F}.Debug|x86.ActiveCfg = Debug|Any CPU
		{62CE6D9B-449B-4956-94FC-0FBBA235145F}.Debug|x86.Build.0 = Debug|Any CPU
		{62CE6D9B-449B-4956-94FC-0FBBA235145F}.Release|Any CPU.ActiveCfg = Release|Any CPU
		{62CE6D9B-449B-4956-94FC-0FBBA235145F}.Release|Any CPU.Build.0 = Release|Any CPU
		{62CE6D9B-449B-4956-94FC-0FBBA235145F}.Release|x64.ActiveCfg = Release|Any CPU
		{62CE6D9B-449B-4956-94FC-0FBBA235145F}.Release|x64.Build.0 = Release|Any CPU
		{62CE6D9B-449B-4956-94FC-0FBBA235145F}.Release|x86.ActiveCfg = Release|Any CPU
		{62CE6D9B-449B-4956-94FC-0FBBA235145F}.Release|x86.Build.0 = Release|Any CPU
		{46FE3771-EB5C-4C05-B76C-DDEF7BCC7706}.Debug|Any CPU.ActiveCfg = Debug|Any CPU
		{46FE3771-EB5C-4C05-B76C-DDEF7BCC7706}.Debug|Any CPU.Build.0 = Debug|Any CPU
		{46FE3771-EB5C-4C05-B76C-DDEF7BCC7706}.Debug|x64.ActiveCfg = Debug|Any CPU
		{46FE3771-EB5C-4C05-B76C-DDEF7BCC7706}.Debug|x64.Build.0 = Debug|Any CPU
		{46FE3771-EB5C-4C05-B76C-DDEF7BCC7706}.Debug|x86.ActiveCfg = Debug|Any CPU
		{46FE3771-EB5C-4C05-B76C-DDEF7BCC7706}.Debug|x86.Build.0 = Debug|Any CPU
		{46FE3771-EB5C-4C05-B76C-DDEF7BCC7706}.Release|Any CPU.ActiveCfg = Release|Any CPU
		{46FE3771-EB5C-4C05-B76C-DDEF7BCC7706}.Release|Any CPU.Build.0 = Release|Any CPU
		{46FE3771-EB5C-4C05-B76C-DDEF7BCC7706}.Release|x64.ActiveCfg = Release|Any CPU
		{46FE3771-EB5C-4C05-B76C-DDEF7BCC7706}.Release|x64.Build.0 = Release|Any CPU
		{46FE3771-EB5C-4C05-B76C-DDEF7BCC7706}.Release|x86.ActiveCfg = Release|Any CPU
		{46FE3771-EB5C-4C05-B76C-DDEF7BCC7706}.Release|x86.Build.0 = Release|Any CPU
		{2477CD19-50D2-44E3-BC83-BCFE027B60B8}.Debug|Any CPU.ActiveCfg = Debug|Any CPU
		{2477CD19-50D2-44E3-BC83-BCFE027B60B8}.Debug|Any CPU.Build.0 = Debug|Any CPU
		{2477CD19-50D2-44E3-BC83-BCFE027B60B8}.Debug|x64.ActiveCfg = Debug|Any CPU
		{2477CD19-50D2-44E3-BC83-BCFE027B60B8}.Debug|x64.Build.0 = Debug|Any CPU
		{2477CD19-50D2-44E3-BC83-BCFE027B60B8}.Debug|x86.ActiveCfg = Debug|Any CPU
		{2477CD19-50D2-44E3-BC83-BCFE027B60B8}.Debug|x86.Build.0 = Debug|Any CPU
		{2477CD19-50D2-44E3-BC83-BCFE027B60B8}.Release|Any CPU.ActiveCfg = Release|Any CPU
		{2477CD19-50D2-44E3-BC83-BCFE027B60B8}.Release|Any CPU.Build.0 = Release|Any CPU
		{2477CD19-50D2-44E3-BC83-BCFE027B60B8}.Release|x64.ActiveCfg = Release|Any CPU
		{2477CD19-50D2-44E3-BC83-BCFE027B60B8}.Release|x64.Build.0 = Release|Any CPU
		{2477CD19-50D2-44E3-BC83-BCFE027B60B8}.Release|x86.ActiveCfg = Release|Any CPU
		{2477CD19-50D2-44E3-BC83-BCFE027B60B8}.Release|x86.Build.0 = Release|Any CPU
		{4D5BC297-24D2-47FE-85C2-051A29A59B7D}.Debug|Any CPU.ActiveCfg = Debug|Any CPU
		{4D5BC297-24D2-47FE-85C2-051A29A59B7D}.Debug|Any CPU.Build.0 = Debug|Any CPU
		{4D5BC297-24D2-47FE-85C2-051A29A59B7D}.Debug|x64.ActiveCfg = Debug|Any CPU
		{4D5BC297-24D2-47FE-85C2-051A29A59B7D}.Debug|x64.Build.0 = Debug|Any CPU
		{4D5BC297-24D2-47FE-85C2-051A29A59B7D}.Debug|x86.ActiveCfg = Debug|Any CPU
		{4D5BC297-24D2-47FE-85C2-051A29A59B7D}.Debug|x86.Build.0 = Debug|Any CPU
		{4D5BC297-24D2-47FE-85C2-051A29A59B7D}.Release|Any CPU.ActiveCfg = Release|Any CPU
		{4D5BC297-24D2-47FE-85C2-051A29A59B7D}.Release|Any CPU.Build.0 = Release|Any CPU
		{4D5BC297-24D2-47FE-85C2-051A29A59B7D}.Release|x64.ActiveCfg = Release|Any CPU
		{4D5BC297-24D2-47FE-85C2-051A29A59B7D}.Release|x64.Build.0 = Release|Any CPU
		{4D5BC297-24D2-47FE-85C2-051A29A59B7D}.Release|x86.ActiveCfg = Release|Any CPU
		{4D5BC297-24D2-47FE-85C2-051A29A59B7D}.Release|x86.Build.0 = Release|Any CPU
		{F2E815B3-5902-4DD5-9D37-CFB514D6B4DE}.Debug|Any CPU.ActiveCfg = Debug|Any CPU
		{F2E815B3-5902-4DD5-9D37-CFB514D6B4DE}.Debug|Any CPU.Build.0 = Debug|Any CPU
		{F2E815B3-5902-4DD5-9D37-CFB514D6B4DE}.Debug|x64.ActiveCfg = Debug|Any CPU
		{F2E815B3-5902-4DD5-9D37-CFB514D6B4DE}.Debug|x64.Build.0 = Debug|Any CPU
		{F2E815B3-5902-4DD5-9D37-CFB514D6B4DE}.Debug|x86.ActiveCfg = Debug|Any CPU
		{F2E815B3-5902-4DD5-9D37-CFB514D6B4DE}.Debug|x86.Build.0 = Debug|Any CPU
		{F2E815B3-5902-4DD5-9D37-CFB514D6B4DE}.Release|Any CPU.ActiveCfg = Release|Any CPU
		{F2E815B3-5902-4DD5-9D37-CFB514D6B4DE}.Release|Any CPU.Build.0 = Release|Any CPU
		{F2E815B3-5902-4DD5-9D37-CFB514D6B4DE}.Release|x64.ActiveCfg = Release|Any CPU
		{F2E815B3-5902-4DD5-9D37-CFB514D6B4DE}.Release|x64.Build.0 = Release|Any CPU
		{F2E815B3-5902-4DD5-9D37-CFB514D6B4DE}.Release|x86.ActiveCfg = Release|Any CPU
		{F2E815B3-5902-4DD5-9D37-CFB514D6B4DE}.Release|x86.Build.0 = Release|Any CPU
		{4E42C57E-2374-431B-A39A-019B9DAC7793}.Debug|Any CPU.ActiveCfg = Debug|Any CPU
		{4E42C57E-2374-431B-A39A-019B9DAC7793}.Debug|Any CPU.Build.0 = Debug|Any CPU
		{4E42C57E-2374-431B-A39A-019B9DAC7793}.Debug|x64.ActiveCfg = Debug|Any CPU
		{4E42C57E-2374-431B-A39A-019B9DAC7793}.Debug|x64.Build.0 = Debug|Any CPU
		{4E42C57E-2374-431B-A39A-019B9DAC7793}.Debug|x86.ActiveCfg = Debug|Any CPU
		{4E42C57E-2374-431B-A39A-019B9DAC7793}.Debug|x86.Build.0 = Debug|Any CPU
		{4E42C57E-2374-431B-A39A-019B9DAC7793}.Release|Any CPU.ActiveCfg = Release|Any CPU
		{4E42C57E-2374-431B-A39A-019B9DAC7793}.Release|Any CPU.Build.0 = Release|Any CPU
		{4E42C57E-2374-431B-A39A-019B9DAC7793}.Release|x64.ActiveCfg = Release|Any CPU
		{4E42C57E-2374-431B-A39A-019B9DAC7793}.Release|x64.Build.0 = Release|Any CPU
		{4E42C57E-2374-431B-A39A-019B9DAC7793}.Release|x86.ActiveCfg = Release|Any CPU
		{4E42C57E-2374-431B-A39A-019B9DAC7793}.Release|x86.Build.0 = Release|Any CPU
	EndGlobalSection
	GlobalSection(SolutionProperties) = preSolution
		HideSolutionNode = FALSE
	EndGlobalSection
	GlobalSection(NestedProjects) = preSolution
		{62CE6D9B-449B-4956-94FC-0FBBA235145F} = {D095AF96-3B3A-46D6-99FE-1DC845FA4BCE}
		{46FE3771-EB5C-4C05-B76C-DDEF7BCC7706} = {D095AF96-3B3A-46D6-99FE-1DC845FA4BCE}
		{2477CD19-50D2-44E3-BC83-BCFE027B60B8} = {82DD26D6-9333-4B4B-999B-E32E7359D7BE}
		{4D5BC297-24D2-47FE-85C2-051A29A59B7D} = {82DD26D6-9333-4B4B-999B-E32E7359D7BE}
		{FECC3BEB-820C-4B94-BB0E-98228ADE6237} = {82DD26D6-9333-4B4B-999B-E32E7359D7BE}
		{F028FF9D-9262-45A6-AC4D-79C54943DB03} = {D095AF96-3B3A-46D6-99FE-1DC845FA4BCE}
		{F2E815B3-5902-4DD5-9D37-CFB514D6B4DE} = {FECC3BEB-820C-4B94-BB0E-98228ADE6237}
		{4E42C57E-2374-431B-A39A-019B9DAC7793} = {F028FF9D-9262-45A6-AC4D-79C54943DB03}
	EndGlobalSection
	GlobalSection(ExtensibilityGlobals) = postSolution
		SolutionGuid = {08D1630D-EA85-4E78-ABBA-34195DCA7595}
	EndGlobalSection
EndGlobal
